github.com/kr/pretty v0.1.0 h1:L/CwN0zerZDmRFUapSPitk6f+Q3+0za1rQkzVuMiMFI=
github.com/kr/pretty v0.1.0/go.mod h1:dAy3ld7l9f0ibDNOQOHHMYYIIbhfbHSm3C4ZsoJORNo=
github.com/kr/pty v1.1.1/go.mod h1:pFQYn66WHrOpPYNljwOMqo10TkYh1fy3cYio2l3bCsQ=
github.com/kr/text v0.1.0 h1:45sCR5RtlFHMR4UwH9sdQ5TC8v0qDQCHnXt+kaKSTVE=
github.com/kr/text v0.1.0/go.mod h1:4Jbv+DJW3UT/LiOwJeYQe1efqtUx/iVham/4vfdArNI=
github.com/mdigger/errors v0.0.0-20170930211353-54cbf1b34208 h1:dA3HtUZtcFxWYa5fpPoX2Ez54aDNFMrcOK8Iv2cq9jg=
github.com/mdigger/errors v0.0.0-20170930211353-54cbf1b34208/go.mod h1:/GnGIqhKjgxOaeey7rVx3ZQJmYxKNZBBYArj3LBD2xk=
github.com/mdigger/log v0.0.0-20180726173735-1d5a322ea881 h1:If6E7I3DFvJbl6FYhzg3m3/VcKFqIqbrkAFVZVPUeQw=
github.com/mdigger/log v0.0.0-20180726173735-1d5a322ea881/go.mod h1:6yOXG9bpHAXDdWdlK2nsdRMZBjV2Aw0SkIFpqLlQ3W0=
github.com/mdigger/mx v0.0.0-20180805032909-a9912d4827ef h1:0AOwKhbtrS/t4CVW/JIZT//bOjfj54+PQbtQyxz0ywQ=
github.com/mdigger/mx v0.0.0-20180805032909-a9912d4827ef/go.mod h1:IHQX/NntKKy0fzeNjpZ1FKCrrLEkazxsV+gymxoFZhM=
github.com/mdigger/rest v0.0.0-20170930000632-3a45fd94f4ea h1:V87SzO1H6ZgcgIwMeDyIzgiSLnE0Gqz/ITbw6foaBt8=
github.com/mdigger/rest v0.0.0-20170930000632-3a45fd94f4ea/go.mod h1:DXKTK5jEhBvpcPR4eBn5ue333MCGqm315yzw4RLEQCI=
github.com/mdigger/router v0.0.0-20160927122710-44303bc346fc h1:aIEJIumJcfpi9wTvLAmo3KAj2us8BHHP9o1Zf1wxW50=
github.com/mdigger/router v0.0.0-20160927122710-44303bc346fc/go.mod h1:uCW2BJmXuCnuUy9bbsdx7sbfb1qSRFJszA166WC94Nw=
golang.org/x/crypto v0.0.0-20180802221240-56440b844dfe h1:APBCFlxGVQi3YDSHtTbNXRZhDEuz9rrnVPXZA4YbUx8=
golang.org/x/crypto v0.0.0-20180802221240-56440b844dfe/go.mod h1:6SG95UA2DQfeDnfUPMdvaQW0Q7yPrPDi9nlGo2tz2b4=
gopkg.in/mdigger/log.v4 v4.0.0-20180726173735-1d5a322ea881 h1:ewOXk3MbhXF3x6xYsKmKQtRL7SK2y4AND2qBxib/Duk=
gopkg.in/mdigger/log.v4 v4.0.0-20180726173735-1d5a322ea881/go.mod h1:PfcsrE1RhPH6cCzNhKx55eBlbWCdzejB+f6aJdErpqU=
gopkg.in/mdigger/mx.v2 v2.0.0-20180805033950-b690de7ae074 h1:n3aCJfLZjoPr4BeN2sOT49JJAbarAnD1gV0zI6dwOU0=
gopkg.in/mdigger/mx.v2 v2.0.0-20180805033950-b690de7ae074/go.mod h1:isark1raypml+yMm7sxCPHnWa22THVPRvP3dyTms+1Y=
